
Microsoft Visual Studio Solution File, Format Version 12.00
# Visual Studio Version 17
VisualStudioVersion = 17.0.32112.339
MinimumVisualStudioVersion = 10.0.40219.1
Project("{FAE04EC0-301F-11D3-BF4B-00C04F79EFBC}") = "FullStackCRUD.Server", "SuperHeroes\Server\FullStackCRUD.Server.csproj", "{C0FA5358-A739-4AD4-89C3-AEF72D4C6676}"
EndProject
Project("{FAE04EC0-301F-11D3-BF4B-00C04F79EFBC}") = "FullStackCRUD.Client", "SuperHeroes\Client\FullStackCRUD.Client.csproj", "{CD12B3EC-7532-41FE-A248-0AEE38A98082}"
EndProject
Project("{FAE04EC0-301F-11D3-BF4B-00C04F79EFBC}") = "FullStackCRUD.Shared", "SuperHeroes\Shared\FullStackCRUD.Shared.csproj", "{7BECCC3A-8F9F-4799-A731-641F0F6E3BCA}"
EndProject
Global
	GlobalSection(SolutionConfigurationPlatforms) = preSolution
		Debug|Any CPU = Debug|Any CPU
		Release|Any CPU = Release|Any CPU
	EndGlobalSection
	GlobalSection(ProjectConfigurationPlatforms) = postSolution
		{C0FA5358-A739-4AD4-89C3-AEF72D4C6676}.Debug|Any CPU.ActiveCfg = Debug|Any CPU
		{C0FA5358-A739-4AD4-89C3-AEF72D4C6676}.Debug|Any CPU.Build.0 = Debug|Any CPU
		{C0FA5358-A739-4AD4-89C3-AEF72D4C6676}.Release|Any CPU.ActiveCfg = Release|Any CPU
		{C0FA5358-A739-4AD4-89C3-AEF72D4C6676}.Release|Any CPU.Build.0 = Release|Any CPU
		{CD12B3EC-7532-41FE-A248-0AEE38A98082}.Debug|Any CPU.ActiveCfg = Debug|Any CPU
		{CD12B3EC-7532-41FE-A248-0AEE38A98082}.Debug|Any CPU.Build.0 = Debug|Any CPU
		{CD12B3EC-7532-41FE-A248-0AEE38A98082}.Release|Any CPU.ActiveCfg = Release|Any CPU
		{CD12B3EC-7532-41FE-A248-0AEE38A98082}.Release|Any CPU.Build.0 = Release|Any CPU
		{7BECCC3A-8F9F-4799-A731-641F0F6E3BCA}.Debug|Any CPU.ActiveCfg = Debug|Any CPU
		{7BECCC3A-8F9F-4799-A731-641F0F6E3BCA}.Debug|Any CPU.Build.0 = Debug|Any CPU
		{7BECCC3A-8F9F-4799-A731-641F0F6E3BCA}.Release|Any CPU.ActiveCfg = Release|Any CPU
		{7BECCC3A-8F9F-4799-A731-641F0F6E3BCA}.Release|Any CPU.Build.0 = Release|Any CPU
	EndGlobalSection
	GlobalSection(SolutionProperties) = preSolution
		HideSolutionNode = FALSE
	EndGlobalSection
	GlobalSection(ExtensibilityGlobals) = postSolution
		SolutionGuid = {8F63319E-955F-467C-880A-64FD6CE325A9}
	EndGlobalSection
EndGlobal
